
Microsoft Visual Studio Solution File, Format Version 12.00
# Visual Studio 14
VisualStudioVersion = 14.0.25420.1
MinimumVisualStudioVersion = 10.0.40219.1
Project("{A07B5EB6-E848-4116-A8D0-A826331D98C6}") = "StatelessApplication", "StatelessApplication\StatelessApplication.sfproj", "{A1ED0C24-B830-4A43-902A-3AA57CFDEA2C}"
EndProject
Project("{FAE04EC0-301F-11D3-BF4B-00C04F79EFBC}") = "WebApi1", "WebApi1\WebApi1.csproj", "{80CC724F-43D7-40CA-BD04-A34D5D75521F}"
EndProject
Global
	GlobalSection(SolutionConfigurationPlatforms) = preSolution
		Debug|x64 = Debug|x64
		Release|x64 = Release|x64
	EndGlobalSection
	GlobalSection(ProjectConfigurationPlatforms) = postSolution
		{A1ED0C24-B830-4A43-902A-3AA57CFDEA2C}.Debug|x64.ActiveCfg = Debug|x64
		{A1ED0C24-B830-4A43-902A-3AA57CFDEA2C}.Debug|x64.Build.0 = Debug|x64
		{A1ED0C24-B830-4A43-902A-3AA57CFDEA2C}.Debug|x64.Deploy.0 = Debug|x64
		{A1ED0C24-B830-4A43-902A-3AA57CFDEA2C}.Release|x64.ActiveCfg = Release|x64
		{A1ED0C24-B830-4A43-902A-3AA57CFDEA2C}.Release|x64.Build.0 = Release|x64
		{A1ED0C24-B830-4A43-902A-3AA57CFDEA2C}.Release|x64.Deploy.0 = Release|x64
		{80CC724F-43D7-40CA-BD04-A34D5D75521F}.Debug|x64.ActiveCfg = Debug|x64
		{80CC724F-43D7-40CA-BD04-A34D5D75521F}.Debug|x64.Build.0 = Debug|x64
		{80CC724F-43D7-40CA-BD04-A34D5D75521F}.Release|x64.ActiveCfg = Release|x64
		{80CC724F-43D7-40CA-BD04-A34D5D75521F}.Release|x64.Build.0 = Release|x64
	EndGlobalSection
	GlobalSection(SolutionProperties) = preSolution
		HideSolutionNode = FALSE
	EndGlobalSection
EndGlobal
